
Microsoft Visual Studio Solution File, Format Version 12.00
# Visual Studio Version 17
VisualStudioVersion = 17.5.002.0
MinimumVisualStudioVersion = 10.0.40219.1
Project("{9A19103F-16F7-4668-BE54-9A1E7A4F7556}") = "Chip8 Emu", "Chip8 Emu.csproj", "{104A9803-E522-4052-905E-C391FCFBEE57}"
EndProject
Global
	GlobalSection(SolutionConfigurationPlatforms) = preSolution
		Debug|Any CPU = Debug|Any CPU
		Release|Any CPU = Release|Any CPU
	EndGlobalSection
	GlobalSection(ProjectConfigurationPlatforms) = postSolution
		{104A9803-E522-4052-905E-C391FCFBEE57}.Debug|Any CPU.ActiveCfg = Debug|Any CPU
		{104A9803-E522-4052-905E-C391FCFBEE57}.Debug|Any CPU.Build.0 = Debug|Any CPU
		{104A9803-E522-4052-905E-C391FCFBEE57}.Release|Any CPU.ActiveCfg = Release|Any CPU
		{104A9803-E522-4052-905E-C391FCFBEE57}.Release|Any CPU.Build.0 = Release|Any CPU
	EndGlobalSection
	GlobalSection(SolutionProperties) = preSolution
		HideSolutionNode = FALSE
	EndGlobalSection
	GlobalSection(ExtensibilityGlobals) = postSolution
		SolutionGuid = {4EF6CF11-3194-4D1F-9937-69150157F6C7}
	EndGlobalSection
EndGlobal
